
Microsoft Visual Studio Solution File, Format Version 12.00
# Visual Studio Version 16
VisualStudioVersion = 16.0.30804.86
MinimumVisualStudioVersion = 10.0.40219.1
Project("{FAE04EC0-301F-11D3-BF4B-00C04F79EFBC}") = "CarRental", "CarRental\CarRental.csproj", "{A865C409-7328-478A-96F1-89A853AEFFBB}"
EndProject
Global
	GlobalSection(SolutionConfigurationPlatforms) = preSolution
		Debug|Any CPU = Debug|Any CPU
		Release|Any CPU = Release|Any CPU
	EndGlobalSection
	GlobalSection(ProjectConfigurationPlatforms) = postSolution
		{A865C409-7328-478A-96F1-89A853AEFFBB}.Debug|Any CPU.ActiveCfg = Debug|Any CPU
		{A865C409-7328-478A-96F1-89A853AEFFBB}.Debug|Any CPU.Build.0 = Debug|Any CPU
		{A865C409-7328-478A-96F1-89A853AEFFBB}.Release|Any CPU.ActiveCfg = Release|Any CPU
		{A865C409-7328-478A-96F1-89A853AEFFBB}.Release|Any CPU.Build.0 = Release|Any CPU
	EndGlobalSection
	GlobalSection(SolutionProperties) = preSolution
		HideSolutionNode = FALSE
	EndGlobalSection
	GlobalSection(ExtensibilityGlobals) = postSolution
		SolutionGuid = {0D8161C8-F5AF-49FE-BD79-FADD48A676E1}
	EndGlobalSection
EndGlobal
